// !$*UTF8*$!
{
	archiveVersion = 1;
	classes = {
	};
	objectVersion = 50;
	objects = {

/* Begin PBXBuildFile section */
		E2CDF66E21AC88D10042337D /* AppDelegate.swift in Sources */ = {isa = PBXBuildFile; fileRef = E2CDF66D21AC88D10042337D /* AppDelegate.swift */; };
		E2CDF67021AC88D10042337D /* WelcomeVC.swift in Sources */ = {isa = PBXBuildFile; fileRef = E2CDF66F21AC88D10042337D /* WelcomeVC.swift */; };
		E2CDF67321AC88D10042337D /* Main.storyboard in Resources */ = {isa = PBXBuildFile; fileRef = E2CDF67121AC88D10042337D /* Main.storyboard */; };
		E2CDF67521AC88D80042337D /* Assets.xcassets in Resources */ = {isa = PBXBuildFile; fileRef = E2CDF67421AC88D80042337D /* Assets.xcassets */; };
		E2CDF67821AC88D80042337D /* LaunchScreen.storyboard in Resources */ = {isa = PBXBuildFile; fileRef = E2CDF67621AC88D80042337D /* LaunchScreen.storyboard */; };
		E2CDF68121AC910D0042337D /* BorderButton.swift in Sources */ = {isa = PBXBuildFile; fileRef = E2CDF68021AC910D0042337D /* BorderButton.swift */; };
		E2CDF68521ADE9AC0042337D /* LeagueVC.swift in Sources */ = {isa = PBXBuildFile; fileRef = E2CDF68421ADE9AC0042337D /* LeagueVC.swift */; };
		E2CDF68721ADE9BD0042337D /* SkillVC.swift in Sources */ = {isa = PBXBuildFile; fileRef = E2CDF68621ADE9BD0042337D /* SkillVC.swift */; };
/* End PBXBuildFile section */

/* Begin PBXFileReference section */
		E2CDF66A21AC88D10042337D /* app-swosh.app */ = {isa = PBXFileReference; explicitFileType = wrapper.application; includeInIndex = 0; path = "app-swosh.app"; sourceTree = BUILT_PRODUCTS_DIR; };
		E2CDF66D21AC88D10042337D /* AppDelegate.swift */ = {isa = PBXFileReference; lastKnownFileType = sourcecode.swift; path = AppDelegate.swift; sourceTree = "<group>"; };
		E2CDF66F21AC88D10042337D /* WelcomeVC.swift */ = {isa = PBXFileReference; lastKnownFileType = sourcecode.swift; path = WelcomeVC.swift; sourceTree = "<group>"; };
		E2CDF67221AC88D10042337D /* Base */ = {isa = PBXFileReference; lastKnownFileType = file.storyboard; name = Base; path = Base.lproj/Main.storyboard; sourceTree = "<group>"; };
		E2CDF67421AC88D80042337D /* Assets.xcassets */ = {isa = PBXFileReference; lastKnownFileType = folder.assetcatalog; path = Assets.xcassets; sourceTree = "<group>"; };
		E2CDF67721AC88D80042337D /* Base */ = {isa = PBXFileReference; lastKnownFileType = file.storyboard; name = Base; path = Base.lproj/LaunchScreen.storyboard; sourceTree = "<group>"; };
		E2CDF67921AC88D80042337D /* Info.plist */ = {isa = PBXFileReference; lastKnownFileType = text.plist.xml; path = Info.plist; sourceTree = "<group>"; };
		E2CDF68021AC910D0042337D /* BorderButton.swift */ = {isa = PBXFileReference; lastKnownFileType = sourcecode.swift; path = BorderButton.swift; sourceTree = "<group>"; };
		E2CDF68421ADE9AC0042337D /* LeagueVC.swift */ = {isa = PBXFileReference; lastKnownFileType = sourcecode.swift; path = LeagueVC.swift; sourceTree = "<group>"; };
		E2CDF68621ADE9BD0042337D /* SkillVC.swift */ = {isa = PBXFileReference; lastKnownFileType = sourcecode.swift; path = SkillVC.swift; sourceTree = "<group>"; };
/* End PBXFileReference section */

/* Begin PBXFrameworksBuildPhase section */
		E2CDF66721AC88D10042337D /* Frameworks */ = {
			isa = PBXFrameworksBuildPhase;
			buildActionMask = 2147483647;
			files = (
			);
			runOnlyForDeploymentPostprocessing = 0;
		};
/* End PBXFrameworksBuildPhase section */

/* Begin PBXGroup section */
		E2CDF66121AC88D10042337D = {
			isa = PBXGroup;
			children = (
				E2CDF66C21AC88D10042337D /* app-swosh */,
				E2CDF66B21AC88D10042337D /* Products */,
			);
			sourceTree = "<group>";
		};
		E2CDF66B21AC88D10042337D /* Products */ = {
			isa = PBXGroup;
			children = (
				E2CDF66A21AC88D10042337D /* app-swosh.app */,
			);
			name = Products;
			sourceTree = "<group>";
		};
		E2CDF66C21AC88D10042337D /* app-swosh */ = {
			isa = PBXGroup;
			children = (
				E2CDF68321ADE8CE0042337D /* Model */,
				E2CDF68221ADE8C40042337D /* Controller */,
				E2CDF67F21AC90BD0042337D /* View */,
				E2CDF66D21AC88D10042337D /* AppDelegate.swift */,
				E2CDF67121AC88D10042337D /* Main.storyboard */,
				E2CDF67421AC88D80042337D /* Assets.xcassets */,
				E2CDF67621AC88D80042337D /* LaunchScreen.storyboard */,
				E2CDF67921AC88D80042337D /* Info.plist */,
			);
			path = "app-swosh";
			sourceTree = "<group>";
		};
		E2CDF67F21AC90BD0042337D /* View */ = {
			isa = PBXGroup;
			children = (
				E2CDF68021AC910D0042337D /* BorderButton.swift */,
			);
			path = View;
			sourceTree = "<group>";
		};
		E2CDF68221ADE8C40042337D /* Controller */ = {
			isa = PBXGroup;
			children = (
				E2CDF66F21AC88D10042337D /* WelcomeVC.swift */,
				E2CDF68421ADE9AC0042337D /* LeagueVC.swift */,
				E2CDF68621ADE9BD0042337D /* SkillVC.swift */,
			);
			path = Controller;
			sourceTree = "<group>";
		};
		E2CDF68321ADE8CE0042337D /* Model */ = {
			isa = PBXGroup;
			children = (
			);
			path = Model;
			sourceTree = "<group>";
		};
/* End PBXGroup section */

/* Begin PBXNativeTarget section */
		E2CDF66921AC88D10042337D /* app-swosh */ = {
			isa = PBXNativeTarget;
			buildConfigurationList = E2CDF67C21AC88D80042337D /* Build configuration list for PBXNativeTarget "app-swosh" */;
			buildPhases = (
				E2CDF66621AC88D10042337D /* Sources */,
				E2CDF66721AC88D10042337D /* Frameworks */,
				E2CDF66821AC88D10042337D /* Resources */,
			);
			buildRules = (
			);
			dependencies = (
			);
			name = "app-swosh";
			productName = "app-swosh";
			productReference = E2CDF66A21AC88D10042337D /* app-swosh.app */;
			productType = "com.apple.product-type.application";
		};
/* End PBXNativeTarget section */

/* Begin PBXProject section */
		E2CDF66221AC88D10042337D /* Project object */ = {
			isa = PBXProject;
			attributes = {
				LastSwiftUpdateCheck = 1010;
				LastUpgradeCheck = 1010;
				ORGANIZATIONNAME = "Rasmus Andersson";
				TargetAttributes = {
					E2CDF66921AC88D10042337D = {
						CreatedOnToolsVersion = 10.1;
					};
				};
			};
			buildConfigurationList = E2CDF66521AC88D10042337D /* Build configuration list for PBXProject "app-swosh" */;
			compatibilityVersion = "Xcode 9.3";
			developmentRegion = en;
			hasScannedForEncodings = 0;
			knownRegions = (
				en,
				Base,
			);
			mainGroup = E2CDF66121AC88D10042337D;
			productRefGroup = E2CDF66B21AC88D10042337D /* Products */;
			projectDirPath = "";
			projectRoot = "";
			targets = (
				E2CDF66921AC88D10042337D /* app-swosh */,
			);
		};
/* End PBXProject section */

/* Begin PBXResourcesBuildPhase section */
		E2CDF66821AC88D10042337D /* Resources */ = {
			isa = PBXResourcesBuildPhase;
			buildActionMask = 2147483647;
			files = (
				E2CDF67821AC88D80042337D /* LaunchScreen.storyboard in Resources */,
				E2CDF67521AC88D80042337D /* Assets.xcassets in Resources */,
				E2CDF67321AC88D10042337D /* Main.storyboard in Resources */,
			);
			runOnlyForDeploymentPostprocessing = 0;
		};
/* End PBXResourcesBuildPhase section */

/* Begin PBXSourcesBuildPhase section */
		E2CDF66621AC88D10042337D /* Sources */ = {
			isa = PBXSourcesBuildPhase;
			buildActionMask = 2147483647;
			files = (
				E2CDF67021AC88D10042337D /* WelcomeVC.swift in Sources */,
				E2CDF68521ADE9AC0042337D /* LeagueVC.swift in Sources */,
				E2CDF66E21AC88D10042337D /* AppDelegate.swift in Sources */,
				E2CDF68721ADE9BD0042337D /* SkillVC.swift in Sources */,
				E2CDF68121AC910D0042337D /* BorderButton.swift in Sources */,
			);
			runOnlyForDeploymentPostprocessing = 0;
		};
/* End PBXSourcesBuildPhase section */

/* Begin PBXVariantGroup section */
		E2CDF67121AC88D10042337D /* Main.storyboard */ = {
			isa = PBXVariantGroup;
			children = (
				E2CDF67221AC88D10042337D /* Base */,
			);
			name = Main.storyboard;
			sourceTree = "<group>";
		};
		E2CDF67621AC88D80042337D /* LaunchScreen.storyboard */ = {
			isa = PBXVariantGroup;
			children = (
				E2CDF67721AC88D80042337D /* Base */,
			);
			name = LaunchScreen.storyboard;
			sourceTree = "<group>";
		};
/* End PBXVariantGroup section */

/* Begin XCBuildConfiguration section */
		E2CDF67A21AC88D80042337D /* Debug */ = {
			isa = XCBuildConfiguration;
			buildSettings = {
				ALWAYS_SEARCH_USER_PATHS = NO;
				CLANG_ANALYZER_NONNULL = YES;
				CLANG_ANALYZER_NUMBER_OBJECT_CONVERSION = YES_AGGRESSIVE;
				CLANG_CXX_LANGUAGE_STANDARD = "gnu++14";
				CLANG_CXX_LIBRARY = "libc++";
				CLANG_ENABLE_MODULES = YES;
				CLANG_ENABLE_OBJC_ARC = YES;
				CLANG_ENABLE_OBJC_WEAK = YES;
				CLANG_WARN_BLOCK_CAPTURE_AUTORELEASING = YES;
				CLANG_WARN_BOOL_CONVERSION = YES;
				CLANG_WARN_COMMA = YES;
				CLANG_WARN_CONSTANT_CONVERSION = YES;
				CLANG_WARN_DEPRECATED_OBJC_IMPLEMENTATIONS = YES;
				CLANG_WARN_DIRECT_OBJC_ISA_USAGE = YES_ERROR;
				CLANG_WARN_DOCUMENTATION_COMMENTS = YES;
				CLANG_WARN_EMPTY_BODY = YES;
				CLANG_WARN_ENUM_CONVERSION = YES;
				CLANG_WARN_INFINITE_RECURSION = YES;
				CLANG_WARN_INT_CONVERSION = YES;
				CLANG_WARN_NON_LITERAL_NULL_CONVERSION = YES;
				CLANG_WARN_OBJC_IMPLICIT_RETAIN_SELF = YES;
				CLANG_WARN_OBJC_LITERAL_CONVERSION = YES;
				CLANG_WARN_OBJC_ROOT_CLASS = YES_ERROR;
				CLANG_WARN_RANGE_LOOP_ANALYSIS = YES;
				CLANG_WARN_STRICT_PROTOTYPES = YES;
				CLANG_WARN_SUSPICIOUS_MOVE = YES;
				CLANG_WARN_UNGUARDED_AVAILABILITY = YES_AGGRESSIVE;
				CLANG_WARN_UNREACHABLE_CODE = YES;
				CLANG_WARN__DUPLICATE_METHOD_MATCH = YES;
				CODE_SIGN_IDENTITY = "iPhone Developer";
				COPY_PHASE_STRIP = NO;
				DEBUG_INFORMATION_FORMAT = dwarf;
				ENABLE_STRICT_OBJC_MSGSEND = YES;
				ENABLE_TESTABILITY = YES;
				GCC_C_LANGUAGE_STANDARD = gnu11;
				GCC_DYNAMIC_NO_PIC = NO;
				GCC_NO_COMMON_BLOCKS = YES;
				GCC_OPTIMIZATION_LEVEL = 0;
				GCC_PREPROCESSOR_DEFINITIONS = (
					"DEBUG=1",
					"$(inherited)",
				);
				GCC_WARN_64_TO_32_BIT_CONVERSION = YES;
				GCC_WARN_ABOUT_RETURN_TYPE = YES_ERROR;
				GCC_WARN_UNDECLARED_SELECTOR = YES;
				GCC_WARN_UNINITIALIZED_AUTOS = YES_AGGRESSIVE;
				GCC_WARN_UNUSED_FUNCTION = YES;
				GCC_WARN_UNUSED_VARIABLE = YES;
				IPHONEOS_DEPLOYMENT_TARGET = 12.1;
				MTL_ENABLE_DEBUG_INFO = INCLUDE_SOURCE;
				MTL_FAST_MATH = YES;
				ONLY_ACTIVE_ARCH = YES;
				SDKROOT = iphoneos;
				SWIFT_ACTIVE_COMPILATION_CONDITIONS = DEBUG;
				SWIFT_OPTIMIZATION_LEVEL = "-Onone";
			};
			name = Debug;
		};
		E2CDF67B21AC88D80042337D /* Release */ = {
			isa = XCBuildConfiguration;
			buildSettings = {
				ALWAYS_SEARCH_USER_PATHS = NO;
				CLANG_ANALYZER_NONNULL = YES;
				CLANG_ANALYZER_NUMBER_OBJECT_CONVERSION = YES_AGGRESSIVE;
				CLANG_CXX_LANGUAGE_STANDARD = "gnu++14";
				CLANG_CXX_LIBRARY = "libc++";
				CLANG_ENABLE_MODULES = YES;
				CLANG_ENABLE_OBJC_ARC = YES;
				CLANG_ENABLE_OBJC_WEAK = YES;
				CLANG_WARN_BLOCK_CAPTURE_AUTORELEASING = YES;
				CLANG_WARN_BOOL_CONVERSION = YES;
				CLANG_WARN_COMMA = YES;
				CLANG_WARN_CONSTANT_CONVERSION = YES;
				CLANG_WARN_DEPRECATED_OBJC_IMPLEMENTATIONS = YES;
				CLANG_WARN_DIRECT_OBJC_ISA_USAGE = YES_ERROR;
				CLANG_WARN_DOCUMENTATION_COMMENTS = YES;
				CLANG_WARN_EMPTY_BODY = YES;
				CLANG_WARN_ENUM_CONVERSION = YES;
				CLANG_WARN_INFINITE_RECURSION = YES;
				CLANG_WARN_INT_CONVERSION = YES;
				CLANG_WARN_NON_LITERAL_NULL_CONVERSION = YES;
				CLANG_WARN_OBJC_IMPLICIT_RETAIN_SELF = YES;
				CLANG_WARN_OBJC_LITERAL_CONVERSION = YES;
				CLANG_WARN_OBJC_ROOT_CLASS = YES_ERROR;
				CLANG_WARN_RANGE_LOOP_ANALYSIS = YES;
				CLANG_WARN_STRICT_PROTOTYPES = YES;
				CLANG_WARN_SUSPICIOUS_MOVE = YES;
				CLANG_WARN_UNGUARDED_AVAILABILITY = YES_AGGRESSIVE;
				CLANG_WARN_UNREACHABLE_CODE = YES;
				CLANG_WARN__DUPLICATE_METHOD_MATCH = YES;
				CODE_SIGN_IDENTITY = "iPhone Developer";
				COPY_PHASE_STRIP = NO;
				DEBUG_INFORMATION_FORMAT = "dwarf-with-dsym";
				ENABLE_NS_ASSERTIONS = NO;
				ENABLE_STRICT_OBJC_MSGSEND = YES;
				GCC_C_LANGUAGE_STANDARD = gnu11;
				GCC_NO_COMMON_BLOCKS = YES;
				GCC_WARN_64_TO_32_BIT_CONVERSION = YES;
				GCC_WARN_ABOUT_RETURN_TYPE = YES_ERROR;
				GCC_WARN_UNDECLARED_SELECTOR = YES;
				GCC_WARN_UNINITIALIZED_AUTOS = YES_AGGRESSIVE;
				GCC_WARN_UNUSED_FUNCTION = YES;
				GCC_WARN_UNUSED_VARIABLE = YES;
				IPHONEOS_DEPLOYMENT_TARGET = 12.1;
				MTL_ENABLE_DEBUG_INFO = NO;
				MTL_FAST_MATH = YES;
				SDKROOT = iphoneos;
				SWIFT_COMPILATION_MODE = wholemodule;
				SWIFT_OPTIMIZATION_LEVEL = "-O";
				VALIDATE_PRODUCT = YES;
			};
			name = Release;
		};
		E2CDF67D21AC88D80042337D /* Debug */ = {
			isa = XCBuildConfiguration;
			buildSettings = {
				ASSETCATALOG_COMPILER_APPICON_NAME = AppIcon;
				CODE_SIGN_STYLE = Automatic;
				INFOPLIST_FILE = "app-swosh/Info.plist";
				LD_RUNPATH_SEARCH_PATHS = (
					"$(inherited)",
					"@executable_path/Frameworks",
				);
				PRODUCT_BUNDLE_IDENTIFIER = "com.lastkaj.app-swosh";
				PRODUCT_NAME = "$(TARGET_NAME)";
				SWIFT_VERSION = 4.2;
				TARGETED_DEVICE_FAMILY = "1,2";
			};
			name = Debug;
		};
		E2CDF67E21AC88D80042337D /* Release */ = {
			isa = XCBuildConfiguration;
			buildSettings = {
				ASSETCATALOG_COMPILER_APPICON_NAME = AppIcon;
				CODE_SIGN_STYLE = Automatic;
				INFOPLIST_FILE = "app-swosh/Info.plist";
				LD_RUNPATH_SEARCH_PATHS = (
					"$(inherited)",
					"@executable_path/Frameworks",
				);
				PRODUCT_BUNDLE_IDENTIFIER = "com.lastkaj.app-swosh";
				PRODUCT_NAME = "$(TARGET_NAME)";
				SWIFT_VERSION = 4.2;
				TARGETED_DEVICE_FAMILY = "1,2";
			};
			name = Release;
		};
/* End XCBuildConfiguration section */

/* Begin XCConfigurationList section */
		E2CDF66521AC88D10042337D /* Build configuration list for PBXProject "app-swosh" */ = {
			isa = XCConfigurationList;
			buildConfigurations = (
				E2CDF67A21AC88D80042337D /* Debug */,
				E2CDF67B21AC88D80042337D /* Release */,
			);
			defaultConfigurationIsVisible = 0;
			defaultConfigurationName = Release;
		};
		E2CDF67C21AC88D80042337D /* Build configuration list for PBXNativeTarget "app-swosh" */ = {
			isa = XCConfigurationList;
			buildConfigurations = (
				E2CDF67D21AC88D80042337D /* Debug */,
				E2CDF67E21AC88D80042337D /* Release */,
			);
			defaultConfigurationIsVisible = 0;
			defaultConfigurationName = Release;
		};
/* End XCConfigurationList section */
	};
	rootObject = E2CDF66221AC88D10042337D /* Project object */;
}
